{
    "name": "manage-PO",
    "version": "0.0.1",
    "lockfileVersion": 3,
    "requires": true,
    "packages": {
        "": {
            "name": "manage-PO",
            "version": "0.0.1",
            "dependencies": {
                "manage-PO": "file:"
            }
        },
        "node_modules/manage-PO": {
            "resolved": "",
            "link": true
        }
    }
}
